
Microsoft Visual Studio Solution File, Format Version 12.00
# Visual Studio Version 17
VisualStudioVersion = 17.13.35919.96 d17.13
MinimumVisualStudioVersion = 10.0.40219.1
Project("{FAE04EC0-301F-11D3-BF4B-00C04F79EFBC}") = "Portafolio", "Portafolio\Portafolio.csproj", "{47AF6D9D-7430-4FBA-A924-49E6D360071C}"
EndProject
Global
	GlobalSection(SolutionConfigurationPlatforms) = preSolution
		Debug|Any CPU = Debug|Any CPU
		Release|Any CPU = Release|Any CPU
	EndGlobalSection
	GlobalSection(ProjectConfigurationPlatforms) = postSolution
		{47AF6D9D-7430-4FBA-A924-49E6D360071C}.Debug|Any CPU.ActiveCfg = Debug|Any CPU
		{47AF6D9D-7430-4FBA-A924-49E6D360071C}.Debug|Any CPU.Build.0 = Debug|Any CPU
		{47AF6D9D-7430-4FBA-A924-49E6D360071C}.Release|Any CPU.ActiveCfg = Release|Any CPU
		{47AF6D9D-7430-4FBA-A924-49E6D360071C}.Release|Any CPU.Build.0 = Release|Any CPU
	EndGlobalSection
	GlobalSection(SolutionProperties) = preSolution
		HideSolutionNode = FALSE
	EndGlobalSection
	GlobalSection(ExtensibilityGlobals) = postSolution
		SolutionGuid = {890E48C6-43B1-497A-935C-C624159CF133}
	EndGlobalSection
EndGlobal
